schema: '2.0'
stages:
  prepare:
    cmd: uv run python -m recomendador.data.prepare
    deps:
    - path: data/raw/events.csv
      hash: md5
      md5: fddaf7c1c6a9df23a726500a08ffdd7e
      size: 94237913
    - path: src/recomendador/data/loader.py
      hash: md5
      md5: 588ea0e871b25cc797e594dee1a40c33
      size: 1732
    - path: src/recomendador/data/prepare.py
      hash: md5
      md5: adc03a5274414a38b9c84b8bca5b7932
      size: 2127
    - path: src/recomendador/preprocessing/pipeline.py
      hash: md5
      md5: d374808ba05901f981872e58d3c638f5
      size: 3076
    - path: src/recomendador/preprocessing/preprocessors.py
      hash: md5
      md5: 8df95c97814333680277ce604cc0089c
      size: 2179
    outs:
    - path: data/processed/interactions.parquet
      hash: md5
      md5: f28e82e9b8a290b00ff5d947b04351e5
      size: 745202
  train:
    cmd: uv run python -m recomendador.training.train
    deps:
    - path: data/processed/features.parquet
      hash: md5
      md5: f28e82e9b8a290b00ff5d947b04351e5
      size: 745202
    - path: src/recomendador/models/neural.py
      hash: md5
      md5: 9a7b08a3f62a8da2855b3cc6b000ac01
      size: 5981
    - path: src/recomendador/training/train.py
      hash: md5
      md5: 136ee6c8389d299ceccc323037641efd
      size: 3309
    outs:
    - path: models/neural.pt
      hash: md5
      md5: 26659f3b7718c30f171c1132122d1ba6
      size: 7302345
    - path: models/train_info.json
      hash: md5
      md5: f1649da30e9e2a50ce6d5cb3ad87e1a8
      size: 89
  preprocess:
    cmd: uv run python -m recomendador.data.prepare
    deps:
    - path: data/raw/events.csv
      hash: md5
      md5: fca48dcdb607fbe2932bd192684d5ca1
      size: 96994015
    - path: src/recomendador/data/loader.py
      hash: md5
      md5: b46d50beddb181cacc15a42fa0d833ea
      size: 1786
    - path: src/recomendador/data/prepare.py
      hash: md5
      md5: f704eb0ced896686d6f9817cf5a48999
      size: 1756
    - path: src/recomendador/preprocessing/pipeline.py
      hash: md5
      md5: 8ad62faf4ac6cddb978d3479be4905ce
      size: 3167
    outs:
    - path: data/processed/clean.parquet
      hash: md5
      md5: 9ac0c094a77837e612841490d2fa74c5
      size: 771256
  feature_eng:
    cmd: uv run python -m recomendador.data.feature_eng
    deps:
    - path: data/processed/clean.parquet
      hash: md5
      md5: 9ac0c094a77837e612841490d2fa74c5
      size: 771256
    - path: src/recomendador/data/feature_eng.py
      hash: md5
      md5: 6c17d1e7a6eb11c6675ee7629b467d12
      size: 1253
    - path: src/recomendador/preprocessing/preprocessors.py
      hash: md5
      md5: b008ff5a1a8c684a79867307c3d043c3
      size: 2253
    outs:
    - path: data/processed/features.parquet
      hash: md5
      md5: f28e82e9b8a290b00ff5d947b04351e5
      size: 745202
  evaluate:
    cmd: uv run python -m recomendador.evaluation.evaluate
    deps:
    - path: models/neural.pt
      hash: md5
      md5: 26659f3b7718c30f171c1132122d1ba6
      size: 7302345
    - path: src/recomendador/evaluation/evaluate.py
      hash: md5
      md5: c687a0c34a4f1b561513ade070472077
      size: 3352
    - path: src/recomendador/evaluation/metrics.py
      hash: md5
      md5: 46cd6d90ba76b58c03582b7bdec9086a
      size: 2552
    - path: src/recomendador/models/baseline.py
      hash: md5
      md5: d614f9de95d71735369fc8e131f5e44e
      size: 1314
    outs:
    - path: metrics.json
      hash: md5
      md5: 45e5d78900d358c7ed93488010383a91
      size: 325
